
Microsoft Visual Studio Solution File, Format Version 12.00
# Visual Studio Version 16
VisualStudioVersion = 16.0.30104.148
MinimumVisualStudioVersion = 10.0.40219.1
Project("{FAE04EC0-301F-11D3-BF4B-00C04F79EFBC}") = "FC.BlazorCropImage.Server", "FC.BlazorCropImage\Server\FC.BlazorCropImage.Server.csproj", "{614A3BA9-C49F-4450-9C58-96A4D52B1128}"
EndProject
Project("{FAE04EC0-301F-11D3-BF4B-00C04F79EFBC}") = "FC.BlazorCropImage.Client", "FC.BlazorCropImage\Client\FC.BlazorCropImage.Client.csproj", "{9770DF6B-ADF7-44CB-8B8C-9755A35F4C87}"
EndProject
Project("{FAE04EC0-301F-11D3-BF4B-00C04F79EFBC}") = "FC.BlazorCropImage.Shared", "FC.BlazorCropImage\Shared\FC.BlazorCropImage.Shared.csproj", "{5587EB1C-4356-4DC7-A0E1-1FF857E6D5F2}"
EndProject
Global
	GlobalSection(SolutionConfigurationPlatforms) = preSolution
		Debug|Any CPU = Debug|Any CPU
		Release|Any CPU = Release|Any CPU
	EndGlobalSection
	GlobalSection(ProjectConfigurationPlatforms) = postSolution
		{614A3BA9-C49F-4450-9C58-96A4D52B1128}.Debug|Any CPU.ActiveCfg = Debug|Any CPU
		{614A3BA9-C49F-4450-9C58-96A4D52B1128}.Debug|Any CPU.Build.0 = Debug|Any CPU
		{614A3BA9-C49F-4450-9C58-96A4D52B1128}.Release|Any CPU.ActiveCfg = Release|Any CPU
		{614A3BA9-C49F-4450-9C58-96A4D52B1128}.Release|Any CPU.Build.0 = Release|Any CPU
		{9770DF6B-ADF7-44CB-8B8C-9755A35F4C87}.Debug|Any CPU.ActiveCfg = Debug|Any CPU
		{9770DF6B-ADF7-44CB-8B8C-9755A35F4C87}.Debug|Any CPU.Build.0 = Debug|Any CPU
		{9770DF6B-ADF7-44CB-8B8C-9755A35F4C87}.Release|Any CPU.ActiveCfg = Release|Any CPU
		{9770DF6B-ADF7-44CB-8B8C-9755A35F4C87}.Release|Any CPU.Build.0 = Release|Any CPU
		{5587EB1C-4356-4DC7-A0E1-1FF857E6D5F2}.Debug|Any CPU.ActiveCfg = Debug|Any CPU
		{5587EB1C-4356-4DC7-A0E1-1FF857E6D5F2}.Debug|Any CPU.Build.0 = Debug|Any CPU
		{5587EB1C-4356-4DC7-A0E1-1FF857E6D5F2}.Release|Any CPU.ActiveCfg = Release|Any CPU
		{5587EB1C-4356-4DC7-A0E1-1FF857E6D5F2}.Release|Any CPU.Build.0 = Release|Any CPU
	EndGlobalSection
	GlobalSection(SolutionProperties) = preSolution
		HideSolutionNode = FALSE
	EndGlobalSection
	GlobalSection(ExtensibilityGlobals) = postSolution
		SolutionGuid = {567431AE-1CF7-48D1-97C3-320ACB723B03}
	EndGlobalSection
EndGlobal
